
Microsoft Visual Studio Solution File, Format Version 12.00
# Visual Studio 15
VisualStudioVersion = 15.0.28010.2026
MinimumVisualStudioVersion = 10.0.40219.1
Project("{8BC9CEB8-8B4A-11D0-8D11-00A0C91BC942}") = "1-linear-program", "1-linear-program\1-linear-program.vcxproj", "{3CFD1A58-F84D-455C-925F-6189C629F917}"
EndProject
Project("{8BC9CEB8-8B4A-11D0-8D11-00A0C91BC942}") = "2-conditionals-loops-1", "2-conditionals-loops-1\2-conditionals-loops-1.vcxproj", "{8A2A54A9-4857-4D8C-9346-2C4940A62631}"
EndProject
Project("{8BC9CEB8-8B4A-11D0-8D11-00A0C91BC942}") = "3-conditionals-loops-2", "3-conditionals-loops-2\3-conditionals-loops-2.vcxproj", "{D2F2B266-145E-436B-A7A0-05BE442A5D49}"
EndProject
Project("{8BC9CEB8-8B4A-11D0-8D11-00A0C91BC942}") = "4-functions", "4-functions\4-functions.vcxproj", "{43D48E44-C351-45A8-97F4-7FE8972C2238}"
EndProject
Project("{8BC9CEB8-8B4A-11D0-8D11-00A0C91BC942}") = "5-arrays-1d", "5-arrays-1d\5-arrays-1d.vcxproj", "{882ED336-645E-4CC2-82EC-344EA4FF38EC}"
EndProject
Project("{8BC9CEB8-8B4A-11D0-8D11-00A0C91BC942}") = "6-arrays-2d", "6-arrays-2d\6-arrays-2d.vcxproj", "{C1ED291D-4190-4022-854B-799A45C647B0}"
EndProject
Global
	GlobalSection(SolutionConfigurationPlatforms) = preSolution
		Debug|x64 = Debug|x64
		Debug|x86 = Debug|x86
		Release|x64 = Release|x64
		Release|x86 = Release|x86
	EndGlobalSection
	GlobalSection(ProjectConfigurationPlatforms) = postSolution
		{3CFD1A58-F84D-455C-925F-6189C629F917}.Debug|x64.ActiveCfg = Debug|x64
		{3CFD1A58-F84D-455C-925F-6189C629F917}.Debug|x64.Build.0 = Debug|x64
		{3CFD1A58-F84D-455C-925F-6189C629F917}.Debug|x86.ActiveCfg = Debug|Win32
		{3CFD1A58-F84D-455C-925F-6189C629F917}.Debug|x86.Build.0 = Debug|Win32
		{3CFD1A58-F84D-455C-925F-6189C629F917}.Release|x64.ActiveCfg = Release|x64
		{3CFD1A58-F84D-455C-925F-6189C629F917}.Release|x64.Build.0 = Release|x64
		{3CFD1A58-F84D-455C-925F-6189C629F917}.Release|x86.ActiveCfg = Release|Win32
		{3CFD1A58-F84D-455C-925F-6189C629F917}.Release|x86.Build.0 = Release|Win32
		{8A2A54A9-4857-4D8C-9346-2C4940A62631}.Debug|x64.ActiveCfg = Debug|x64
		{8A2A54A9-4857-4D8C-9346-2C4940A62631}.Debug|x64.Build.0 = Debug|x64
		{8A2A54A9-4857-4D8C-9346-2C4940A62631}.Debug|x86.ActiveCfg = Debug|Win32
		{8A2A54A9-4857-4D8C-9346-2C4940A62631}.Debug|x86.Build.0 = Debug|Win32
		{8A2A54A9-4857-4D8C-9346-2C4940A62631}.Release|x64.ActiveCfg = Release|x64
		{8A2A54A9-4857-4D8C-9346-2C4940A62631}.Release|x64.Build.0 = Release|x64
		{8A2A54A9-4857-4D8C-9346-2C4940A62631}.Release|x86.ActiveCfg = Release|Win32
		{8A2A54A9-4857-4D8C-9346-2C4940A62631}.Release|x86.Build.0 = Release|Win32
		{D2F2B266-145E-436B-A7A0-05BE442A5D49}.Debug|x64.ActiveCfg = Debug|x64
		{D2F2B266-145E-436B-A7A0-05BE442A5D49}.Debug|x64.Build.0 = Debug|x64
		{D2F2B266-145E-436B-A7A0-05BE442A5D49}.Debug|x86.ActiveCfg = Debug|Win32
		{D2F2B266-145E-436B-A7A0-05BE442A5D49}.Debug|x86.Build.0 = Debug|Win32
		{D2F2B266-145E-436B-A7A0-05BE442A5D49}.Release|x64.ActiveCfg = Release|x64
		{D2F2B266-145E-436B-A7A0-05BE442A5D49}.Release|x64.Build.0 = Release|x64
		{D2F2B266-145E-436B-A7A0-05BE442A5D49}.Release|x86.ActiveCfg = Release|Win32
		{D2F2B266-145E-436B-A7A0-05BE442A5D49}.Release|x86.Build.0 = Release|Win32
		{43D48E44-C351-45A8-97F4-7FE8972C2238}.Debug|x64.ActiveCfg = Debug|x64
		{43D48E44-C351-45A8-97F4-7FE8972C2238}.Debug|x64.Build.0 = Debug|x64
		{43D48E44-C351-45A8-97F4-7FE8972C2238}.Debug|x86.ActiveCfg = Debug|Win32
		{43D48E44-C351-45A8-97F4-7FE8972C2238}.Debug|x86.Build.0 = Debug|Win32
		{43D48E44-C351-45A8-97F4-7FE8972C2238}.Release|x64.ActiveCfg = Release|x64
		{43D48E44-C351-45A8-97F4-7FE8972C2238}.Release|x64.Build.0 = Release|x64
		{43D48E44-C351-45A8-97F4-7FE8972C2238}.Release|x86.ActiveCfg = Release|Win32
		{43D48E44-C351-45A8-97F4-7FE8972C2238}.Release|x86.Build.0 = Release|Win32
		{882ED336-645E-4CC2-82EC-344EA4FF38EC}.Debug|x64.ActiveCfg = Debug|x64
		{882ED336-645E-4CC2-82EC-344EA4FF38EC}.Debug|x64.Build.0 = Debug|x64
		{882ED336-645E-4CC2-82EC-344EA4FF38EC}.Debug|x86.ActiveCfg = Debug|Win32
		{882ED336-645E-4CC2-82EC-344EA4FF38EC}.Debug|x86.Build.0 = Debug|Win32
		{882ED336-645E-4CC2-82EC-344EA4FF38EC}.Release|x64.ActiveCfg = Release|x64
		{882ED336-645E-4CC2-82EC-344EA4FF38EC}.Release|x64.Build.0 = Release|x64
		{882ED336-645E-4CC2-82EC-344EA4FF38EC}.Release|x86.ActiveCfg = Release|Win32
		{882ED336-645E-4CC2-82EC-344EA4FF38EC}.Release|x86.Build.0 = Release|Win32
		{C1ED291D-4190-4022-854B-799A45C647B0}.Debug|x64.ActiveCfg = Debug|x64
		{C1ED291D-4190-4022-854B-799A45C647B0}.Debug|x64.Build.0 = Debug|x64
		{C1ED291D-4190-4022-854B-799A45C647B0}.Debug|x86.ActiveCfg = Debug|Win32
		{C1ED291D-4190-4022-854B-799A45C647B0}.Debug|x86.Build.0 = Debug|Win32
		{C1ED291D-4190-4022-854B-799A45C647B0}.Release|x64.ActiveCfg = Release|x64
		{C1ED291D-4190-4022-854B-799A45C647B0}.Release|x64.Build.0 = Release|x64
		{C1ED291D-4190-4022-854B-799A45C647B0}.Release|x86.ActiveCfg = Release|Win32
		{C1ED291D-4190-4022-854B-799A45C647B0}.Release|x86.Build.0 = Release|Win32
	EndGlobalSection
	GlobalSection(SolutionProperties) = preSolution
		HideSolutionNode = FALSE
	EndGlobalSection
	GlobalSection(ExtensibilityGlobals) = postSolution
		SolutionGuid = {CB97C616-5D63-4B37-9433-91470D54104C}
	EndGlobalSection
EndGlobal
